{
  "name": "opencode-tmux",
  "version": "0.0.1",
  "lockfileVersion": 3,
  "requires": true,
  "packages": {
    "": {
      "name": "opencode-tmux",
      "version": "0.0.1",
      "dependencies": {
        "commander": "^14.0.3"
      },
      "bin": {
        "opencode-tmux": "bin/opencode-tmux"
      },
      "devDependencies": {
        "@types/node": "^25.3.5"
      },
      "engines": {
        "node": ">=24.0.0"
      }
    },
    "node_modules/@types/node": {
      "version": "25.3.5",
      "dev": true,
      "license": "MIT",
      "dependencies": {
        "undici-types": "~7.18.0"
      }
    },
    "node_modules/commander": {
      "version": "14.0.3",
      "license": "MIT",
      "engines": {
        "node": ">=20"
      }
    },
    "node_modules/undici-types": {
      "version": "7.18.2",
      "dev": true,
      "license": "MIT"
    }
  }
}
